
Microsoft Visual Studio Solution File, Format Version 12.00
# Visual Studio Version 16
VisualStudioVersion = 16.0.28803.202
MinimumVisualStudioVersion = 10.0.40219.1
Project("{888888A0-9F3D-457C-B088-3A5042F75D52}") = "simplebot", "simplebot.pyproj", "{2983AF64-0910-4B94-914A-A5AB8790110D}"
EndProject
Global
	GlobalSection(SolutionConfigurationPlatforms) = preSolution
		Debug|Any CPU = Debug|Any CPU
		Release|Any CPU = Release|Any CPU
	EndGlobalSection
	GlobalSection(ProjectConfigurationPlatforms) = postSolution
		{2983AF64-0910-4B94-914A-A5AB8790110D}.Debug|Any CPU.ActiveCfg = Debug|Any CPU
		{2983AF64-0910-4B94-914A-A5AB8790110D}.Release|Any CPU.ActiveCfg = Release|Any CPU
	EndGlobalSection
	GlobalSection(SolutionProperties) = preSolution
		HideSolutionNode = FALSE
	EndGlobalSection
	GlobalSection(ExtensibilityGlobals) = postSolution
		SolutionGuid = {26899D5A-02DE-4E96-93D2-95C3A7CFA627}
	EndGlobalSection
EndGlobal
